// !$*UTF8*$!
{
	archiveVersion = 1;
	classes = {
	};
	objectVersion = 50;
	objects = {

/* Begin PBXBuildFile section */
		7CD527852671F5AE00A4592E /* AppDelegate.swift in Sources */ = {isa = PBXBuildFile; fileRef = 7CD527842671F5AE00A4592E /* AppDelegate.swift */; };
		7CD527872671F5AE00A4592E /* SceneDelegate.swift in Sources */ = {isa = PBXBuildFile; fileRef = 7CD527862671F5AE00A4592E /* SceneDelegate.swift */; };
		7CD527892671F5AE00A4592E /* ViewController.swift in Sources */ = {isa = PBXBuildFile; fileRef = 7CD527882671F5AE00A4592E /* ViewController.swift */; };
		7CD5278C2671F5AE00A4592E /* Main.storyboard in Resources */ = {isa = PBXBuildFile; fileRef = 7CD5278A2671F5AE00A4592E /* Main.storyboard */; };
		7CD5278E2671F5B000A4592E /* Assets.xcassets in Resources */ = {isa = PBXBuildFile; fileRef = 7CD5278D2671F5B000A4592E /* Assets.xcassets */; };
		7CD527912671F5B000A4592E /* LaunchScreen.storyboard in Resources */ = {isa = PBXBuildFile; fileRef = 7CD5278F2671F5B000A4592E /* LaunchScreen.storyboard */; };
		7CD527992672030B00A4592E /* QuestionViewController.swift in Sources */ = {isa = PBXBuildFile; fileRef = 7CD527982672030B00A4592E /* QuestionViewController.swift */; };
		7CD5279B2672031E00A4592E /* ResultsViewController.swift in Sources */ = {isa = PBXBuildFile; fileRef = 7CD5279A2672031E00A4592E /* ResultsViewController.swift */; };
		7CD5279D267208F500A4592E /* QuestionData.swift in Sources */ = {isa = PBXBuildFile; fileRef = 7CD5279C267208F500A4592E /* QuestionData.swift */; };
/* End PBXBuildFile section */

/* Begin PBXFileReference section */
		7CD527812671F5AE00A4592E /* Personality Quiz Jan Palen.app */ = {isa = PBXFileReference; explicitFileType = wrapper.application; includeInIndex = 0; path = "Personality Quiz Jan Palen.app"; sourceTree = BUILT_PRODUCTS_DIR; };
		7CD527842671F5AE00A4592E /* AppDelegate.swift */ = {isa = PBXFileReference; lastKnownFileType = sourcecode.swift; path = AppDelegate.swift; sourceTree = "<group>"; };
		7CD527862671F5AE00A4592E /* SceneDelegate.swift */ = {isa = PBXFileReference; lastKnownFileType = sourcecode.swift; path = SceneDelegate.swift; sourceTree = "<group>"; };
		7CD527882671F5AE00A4592E /* ViewController.swift */ = {isa = PBXFileReference; lastKnownFileType = sourcecode.swift; path = ViewController.swift; sourceTree = "<group>"; };
		7CD5278B2671F5AE00A4592E /* Base */ = {isa = PBXFileReference; lastKnownFileType = file.storyboard; name = Base; path = Base.lproj/Main.storyboard; sourceTree = "<group>"; };
		7CD5278D2671F5B000A4592E /* Assets.xcassets */ = {isa = PBXFileReference; lastKnownFileType = folder.assetcatalog; path = Assets.xcassets; sourceTree = "<group>"; };
		7CD527902671F5B000A4592E /* Base */ = {isa = PBXFileReference; lastKnownFileType = file.storyboard; name = Base; path = Base.lproj/LaunchScreen.storyboard; sourceTree = "<group>"; };
		7CD527922671F5B000A4592E /* Info.plist */ = {isa = PBXFileReference; lastKnownFileType = text.plist.xml; path = Info.plist; sourceTree = "<group>"; };
		7CD527982672030B00A4592E /* QuestionViewController.swift */ = {isa = PBXFileReference; lastKnownFileType = sourcecode.swift; path = QuestionViewController.swift; sourceTree = "<group>"; };
		7CD5279A2672031E00A4592E /* ResultsViewController.swift */ = {isa = PBXFileReference; lastKnownFileType = sourcecode.swift; path = ResultsViewController.swift; sourceTree = "<group>"; };
		7CD5279C267208F500A4592E /* QuestionData.swift */ = {isa = PBXFileReference; lastKnownFileType = sourcecode.swift; path = QuestionData.swift; sourceTree = "<group>"; };
/* End PBXFileReference section */

/* Begin PBXFrameworksBuildPhase section */
		7CD5277E2671F5AE00A4592E /* Frameworks */ = {
			isa = PBXFrameworksBuildPhase;
			buildActionMask = 2147483647;
			files = (
			);
			runOnlyForDeploymentPostprocessing = 0;
		};
/* End PBXFrameworksBuildPhase section */

/* Begin PBXGroup section */
		7CD527782671F5AE00A4592E = {
			isa = PBXGroup;
			children = (
				7CD527832671F5AE00A4592E /* Personality Quiz Jan Palen */,
				7CD527822671F5AE00A4592E /* Products */,
			);
			sourceTree = "<group>";
		};
		7CD527822671F5AE00A4592E /* Products */ = {
			isa = PBXGroup;
			children = (
				7CD527812671F5AE00A4592E /* Personality Quiz Jan Palen.app */,
			);
			name = Products;
			sourceTree = "<group>";
		};
		7CD527832671F5AE00A4592E /* Personality Quiz Jan Palen */ = {
			isa = PBXGroup;
			children = (
				7CD527842671F5AE00A4592E /* AppDelegate.swift */,
				7CD527862671F5AE00A4592E /* SceneDelegate.swift */,
				7CD527882671F5AE00A4592E /* ViewController.swift */,
				7CD5278A2671F5AE00A4592E /* Main.storyboard */,
				7CD5278D2671F5B000A4592E /* Assets.xcassets */,
				7CD5278F2671F5B000A4592E /* LaunchScreen.storyboard */,
				7CD527922671F5B000A4592E /* Info.plist */,
				7CD527982672030B00A4592E /* QuestionViewController.swift */,
				7CD5279A2672031E00A4592E /* ResultsViewController.swift */,
				7CD5279C267208F500A4592E /* QuestionData.swift */,
			);
			path = "Personality Quiz Jan Palen";
			sourceTree = "<group>";
		};
/* End PBXGroup section */

/* Begin PBXNativeTarget section */
		7CD527802671F5AE00A4592E /* Personality Quiz Jan Palen */ = {
			isa = PBXNativeTarget;
			buildConfigurationList = 7CD527952671F5B000A4592E /* Build configuration list for PBXNativeTarget "Personality Quiz Jan Palen" */;
			buildPhases = (
				7CD5277D2671F5AE00A4592E /* Sources */,
				7CD5277E2671F5AE00A4592E /* Frameworks */,
				7CD5277F2671F5AE00A4592E /* Resources */,
			);
			buildRules = (
			);
			dependencies = (
			);
			name = "Personality Quiz Jan Palen";
			productName = "Personality Quiz Jan Palen";
			productReference = 7CD527812671F5AE00A4592E /* Personality Quiz Jan Palen.app */;
			productType = "com.apple.product-type.application";
		};
/* End PBXNativeTarget section */

/* Begin PBXProject section */
		7CD527792671F5AE00A4592E /* Project object */ = {
			isa = PBXProject;
			attributes = {
				LastSwiftUpdateCheck = 1130;
				LastUpgradeCheck = 1130;
				ORGANIZATIONNAME = "Student WSPA";
				TargetAttributes = {
					7CD527802671F5AE00A4592E = {
						CreatedOnToolsVersion = 11.3.1;
					};
				};
			};
			buildConfigurationList = 7CD5277C2671F5AE00A4592E /* Build configuration list for PBXProject "Personality Quiz Jan Palen" */;
			compatibilityVersion = "Xcode 9.3";
			developmentRegion = en;
			hasScannedForEncodings = 0;
			knownRegions = (
				en,
				Base,
			);
			mainGroup = 7CD527782671F5AE00A4592E;
			productRefGroup = 7CD527822671F5AE00A4592E /* Products */;
			projectDirPath = "";
			projectRoot = "";
			targets = (
				7CD527802671F5AE00A4592E /* Personality Quiz Jan Palen */,
			);
		};
/* End PBXProject section */

/* Begin PBXResourcesBuildPhase section */
		7CD5277F2671F5AE00A4592E /* Resources */ = {
			isa = PBXResourcesBuildPhase;
			buildActionMask = 2147483647;
			files = (
				7CD527912671F5B000A4592E /* LaunchScreen.storyboard in Resources */,
				7CD5278E2671F5B000A4592E /* Assets.xcassets in Resources */,
				7CD5278C2671F5AE00A4592E /* Main.storyboard in Resources */,
			);
			runOnlyForDeploymentPostprocessing = 0;
		};
/* End PBXResourcesBuildPhase section */

/* Begin PBXSourcesBuildPhase section */
		7CD5277D2671F5AE00A4592E /* Sources */ = {
			isa = PBXSourcesBuildPhase;
			buildActionMask = 2147483647;
			files = (
				7CD527892671F5AE00A4592E /* ViewController.swift in Sources */,
				7CD527852671F5AE00A4592E /* AppDelegate.swift in Sources */,
				7CD527992672030B00A4592E /* QuestionViewController.swift in Sources */,
				7CD5279D267208F500A4592E /* QuestionData.swift in Sources */,
				7CD5279B2672031E00A4592E /* ResultsViewController.swift in Sources */,
				7CD527872671F5AE00A4592E /* SceneDelegate.swift in Sources */,
			);
			runOnlyForDeploymentPostprocessing = 0;
		};
/* End PBXSourcesBuildPhase section */

/* Begin PBXVariantGroup section */
		7CD5278A2671F5AE00A4592E /* Main.storyboard */ = {
			isa = PBXVariantGroup;
			children = (
				7CD5278B2671F5AE00A4592E /* Base */,
			);
			name = Main.storyboard;
			sourceTree = "<group>";
		};
		7CD5278F2671F5B000A4592E /* LaunchScreen.storyboard */ = {
			isa = PBXVariantGroup;
			children = (
				7CD527902671F5B000A4592E /* Base */,
			);
			name = LaunchScreen.storyboard;
			sourceTree = "<group>";
		};
/* End PBXVariantGroup section */

/* Begin XCBuildConfiguration section */
		7CD527932671F5B000A4592E /* Debug */ = {
			isa = XCBuildConfiguration;
			buildSettings = {
				ALWAYS_SEARCH_USER_PATHS = NO;
				CLANG_ANALYZER_NONNULL = YES;
				CLANG_ANALYZER_NUMBER_OBJECT_CONVERSION = YES_AGGRESSIVE;
				CLANG_CXX_LANGUAGE_STANDARD = "gnu++14";
				CLANG_CXX_LIBRARY = "libc++";
				CLANG_ENABLE_MODULES = YES;
				CLANG_ENABLE_OBJC_ARC = YES;
				CLANG_ENABLE_OBJC_WEAK = YES;
				CLANG_WARN_BLOCK_CAPTURE_AUTORELEASING = YES;
				CLANG_WARN_BOOL_CONVERSION = YES;
				CLANG_WARN_COMMA = YES;
				CLANG_WARN_CONSTANT_CONVERSION = YES;
				CLANG_WARN_DEPRECATED_OBJC_IMPLEMENTATIONS = YES;
				CLANG_WARN_DIRECT_OBJC_ISA_USAGE = YES_ERROR;
				CLANG_WARN_DOCUMENTATION_COMMENTS = YES;
				CLANG_WARN_EMPTY_BODY = YES;
				CLANG_WARN_ENUM_CONVERSION = YES;
				CLANG_WARN_INFINITE_RECURSION = YES;
				CLANG_WARN_INT_CONVERSION = YES;
				CLANG_WARN_NON_LITERAL_NULL_CONVERSION = YES;
				CLANG_WARN_OBJC_IMPLICIT_RETAIN_SELF = YES;
				CLANG_WARN_OBJC_LITERAL_CONVERSION = YES;
				CLANG_WARN_OBJC_ROOT_CLASS = YES_ERROR;
				CLANG_WARN_RANGE_LOOP_ANALYSIS = YES;
				CLANG_WARN_STRICT_PROTOTYPES = YES;
				CLANG_WARN_SUSPICIOUS_MOVE = YES;
				CLANG_WARN_UNGUARDED_AVAILABILITY = YES_AGGRESSIVE;
				CLANG_WARN_UNREACHABLE_CODE = YES;
				CLANG_WARN__DUPLICATE_METHOD_MATCH = YES;
				COPY_PHASE_STRIP = NO;
				DEBUG_INFORMATION_FORMAT = dwarf;
				ENABLE_STRICT_OBJC_MSGSEND = YES;
				ENABLE_TESTABILITY = YES;
				GCC_C_LANGUAGE_STANDARD = gnu11;
				GCC_DYNAMIC_NO_PIC = NO;
				GCC_NO_COMMON_BLOCKS = YES;
				GCC_OPTIMIZATION_LEVEL = 0;
				GCC_PREPROCESSOR_DEFINITIONS = (
					"DEBUG=1",
					"$(inherited)",
				);
				GCC_WARN_64_TO_32_BIT_CONVERSION = YES;
				GCC_WARN_ABOUT_RETURN_TYPE = YES_ERROR;
				GCC_WARN_UNDECLARED_SELECTOR = YES;
				GCC_WARN_UNINITIALIZED_AUTOS = YES_AGGRESSIVE;
				GCC_WARN_UNUSED_FUNCTION = YES;
				GCC_WARN_UNUSED_VARIABLE = YES;
				IPHONEOS_DEPLOYMENT_TARGET = 13.2;
				MTL_ENABLE_DEBUG_INFO = INCLUDE_SOURCE;
				MTL_FAST_MATH = YES;
				ONLY_ACTIVE_ARCH = YES;
				SDKROOT = iphoneos;
				SWIFT_ACTIVE_COMPILATION_CONDITIONS = DEBUG;
				SWIFT_OPTIMIZATION_LEVEL = "-Onone";
			};
			name = Debug;
		};
		7CD527942671F5B000A4592E /* Release */ = {
			isa = XCBuildConfiguration;
			buildSettings = {
				ALWAYS_SEARCH_USER_PATHS = NO;
				CLANG_ANALYZER_NONNULL = YES;
				CLANG_ANALYZER_NUMBER_OBJECT_CONVERSION = YES_AGGRESSIVE;
				CLANG_CXX_LANGUAGE_STANDARD = "gnu++14";
				CLANG_CXX_LIBRARY = "libc++";
				CLANG_ENABLE_MODULES = YES;
				CLANG_ENABLE_OBJC_ARC = YES;
				CLANG_ENABLE_OBJC_WEAK = YES;
				CLANG_WARN_BLOCK_CAPTURE_AUTORELEASING = YES;
				CLANG_WARN_BOOL_CONVERSION = YES;
				CLANG_WARN_COMMA = YES;
				CLANG_WARN_CONSTANT_CONVERSION = YES;
				CLANG_WARN_DEPRECATED_OBJC_IMPLEMENTATIONS = YES;
				CLANG_WARN_DIRECT_OBJC_ISA_USAGE = YES_ERROR;
				CLANG_WARN_DOCUMENTATION_COMMENTS = YES;
				CLANG_WARN_EMPTY_BODY = YES;
				CLANG_WARN_ENUM_CONVERSION = YES;
				CLANG_WARN_INFINITE_RECURSION = YES;
				CLANG_WARN_INT_CONVERSION = YES;
				CLANG_WARN_NON_LITERAL_NULL_CONVERSION = YES;
				CLANG_WARN_OBJC_IMPLICIT_RETAIN_SELF = YES;
				CLANG_WARN_OBJC_LITERAL_CONVERSION = YES;
				CLANG_WARN_OBJC_ROOT_CLASS = YES_ERROR;
				CLANG_WARN_RANGE_LOOP_ANALYSIS = YES;
				CLANG_WARN_STRICT_PROTOTYPES = YES;
				CLANG_WARN_SUSPICIOUS_MOVE = YES;
				CLANG_WARN_UNGUARDED_AVAILABILITY = YES_AGGRESSIVE;
				CLANG_WARN_UNREACHABLE_CODE = YES;
				CLANG_WARN__DUPLICATE_METHOD_MATCH = YES;
				COPY_PHASE_STRIP = NO;
				DEBUG_INFORMATION_FORMAT = "dwarf-with-dsym";
				ENABLE_NS_ASSERTIONS = NO;
				ENABLE_STRICT_OBJC_MSGSEND = YES;
				GCC_C_LANGUAGE_STANDARD = gnu11;
				GCC_NO_COMMON_BLOCKS = YES;
				GCC_WARN_64_TO_32_BIT_CONVERSION = YES;
				GCC_WARN_ABOUT_RETURN_TYPE = YES_ERROR;
				GCC_WARN_UNDECLARED_SELECTOR = YES;
				GCC_WARN_UNINITIALIZED_AUTOS = YES_AGGRESSIVE;
				GCC_WARN_UNUSED_FUNCTION = YES;
				GCC_WARN_UNUSED_VARIABLE = YES;
				IPHONEOS_DEPLOYMENT_TARGET = 13.2;
				MTL_ENABLE_DEBUG_INFO = NO;
				MTL_FAST_MATH = YES;
				SDKROOT = iphoneos;
				SWIFT_COMPILATION_MODE = wholemodule;
				SWIFT_OPTIMIZATION_LEVEL = "-O";
				VALIDATE_PRODUCT = YES;
			};
			name = Release;
		};
		7CD527962671F5B000A4592E /* Debug */ = {
			isa = XCBuildConfiguration;
			buildSettings = {
				ASSETCATALOG_COMPILER_APPICON_NAME = AppIcon;
				CODE_SIGN_STYLE = Automatic;
				INFOPLIST_FILE = "Personality Quiz Jan Palen/Info.plist";
				LD_RUNPATH_SEARCH_PATHS = (
					"$(inherited)",
					"@executable_path/Frameworks",
				);
				PRODUCT_BUNDLE_IDENTIFIER = "WSPA.Personality-Quiz-Jan-Palen";
				PRODUCT_NAME = "$(TARGET_NAME)";
				SWIFT_VERSION = 5.0;
				TARGETED_DEVICE_FAMILY = "1,2";
			};
			name = Debug;
		};
		7CD527972671F5B000A4592E /* Release */ = {
			isa = XCBuildConfiguration;
			buildSettings = {
				ASSETCATALOG_COMPILER_APPICON_NAME = AppIcon;
				CODE_SIGN_STYLE = Automatic;
				INFOPLIST_FILE = "Personality Quiz Jan Palen/Info.plist";
				LD_RUNPATH_SEARCH_PATHS = (
					"$(inherited)",
					"@executable_path/Frameworks",
				);
				PRODUCT_BUNDLE_IDENTIFIER = "WSPA.Personality-Quiz-Jan-Palen";
				PRODUCT_NAME = "$(TARGET_NAME)";
				SWIFT_VERSION = 5.0;
				TARGETED_DEVICE_FAMILY = "1,2";
			};
			name = Release;
		};
/* End XCBuildConfiguration section */

/* Begin XCConfigurationList section */
		7CD5277C2671F5AE00A4592E /* Build configuration list for PBXProject "Personality Quiz Jan Palen" */ = {
			isa = XCConfigurationList;
			buildConfigurations = (
				7CD527932671F5B000A4592E /* Debug */,
				7CD527942671F5B000A4592E /* Release */,
			);
			defaultConfigurationIsVisible = 0;
			defaultConfigurationName = Release;
		};
		7CD527952671F5B000A4592E /* Build configuration list for PBXNativeTarget "Personality Quiz Jan Palen" */ = {
			isa = XCConfigurationList;
			buildConfigurations = (
				7CD527962671F5B000A4592E /* Debug */,
				7CD527972671F5B000A4592E /* Release */,
			);
			defaultConfigurationIsVisible = 0;
			defaultConfigurationName = Release;
		};
/* End XCConfigurationList section */
	};
	rootObject = 7CD527792671F5AE00A4592E /* Project object */;
}
